// !$*UTF8*$!
{
	archiveVersion = 1;
	classes = {
	};
	objectVersion = 50;
	objects = {

/* Begin PBXBuildFile section */
		5DBB6F3C25108DD10081013F /* AppDelegate.swift in Sources */ = {isa = PBXBuildFile; fileRef = 5DBB6F3B25108DD10081013F /* AppDelegate.swift */; };
		5DBB6F3E25108DD10081013F /* SceneDelegate.swift in Sources */ = {isa = PBXBuildFile; fileRef = 5DBB6F3D25108DD10081013F /* SceneDelegate.swift */; };
		5DBB6F4025108DD10081013F /* ViewController.swift in Sources */ = {isa = PBXBuildFile; fileRef = 5DBB6F3F25108DD10081013F /* ViewController.swift */; };
		5DBB6F4325108DD10081013F /* Main.storyboard in Resources */ = {isa = PBXBuildFile; fileRef = 5DBB6F4125108DD10081013F /* Main.storyboard */; };
		5DBB6F4525108DD60081013F /* Assets.xcassets in Resources */ = {isa = PBXBuildFile; fileRef = 5DBB6F4425108DD60081013F /* Assets.xcassets */; };
		5DBB6F4825108DD60081013F /* LaunchScreen.storyboard in Resources */ = {isa = PBXBuildFile; fileRef = 5DBB6F4625108DD60081013F /* LaunchScreen.storyboard */; };
		5DBB6F5325108DD60081013F /* QuizTests.swift in Sources */ = {isa = PBXBuildFile; fileRef = 5DBB6F5225108DD60081013F /* QuizTests.swift */; };
		5DBB6F5E25108DD60081013F /* QuizUITests.swift in Sources */ = {isa = PBXBuildFile; fileRef = 5DBB6F5D25108DD60081013F /* QuizUITests.swift */; };
		5DBB6F6C25108E440081013F /* QuizViewController.swift in Sources */ = {isa = PBXBuildFile; fileRef = 5DBB6F6B25108E440081013F /* QuizViewController.swift */; };
		5DBB6F6E25108E570081013F /* ResultViewController.swift in Sources */ = {isa = PBXBuildFile; fileRef = 5DBB6F6D25108E570081013F /* ResultViewController.swift */; };
/* End PBXBuildFile section */

/* Begin PBXContainerItemProxy section */
		5DBB6F4F25108DD60081013F /* PBXContainerItemProxy */ = {
			isa = PBXContainerItemProxy;
			containerPortal = 5DBB6F3025108DD10081013F /* Project object */;
			proxyType = 1;
			remoteGlobalIDString = 5DBB6F3725108DD10081013F;
			remoteInfo = Quiz;
		};
		5DBB6F5A25108DD60081013F /* PBXContainerItemProxy */ = {
			isa = PBXContainerItemProxy;
			containerPortal = 5DBB6F3025108DD10081013F /* Project object */;
			proxyType = 1;
			remoteGlobalIDString = 5DBB6F3725108DD10081013F;
			remoteInfo = Quiz;
		};
/* End PBXContainerItemProxy section */

/* Begin PBXFileReference section */
		5DBB6F3825108DD10081013F /* Quiz.app */ = {isa = PBXFileReference; explicitFileType = wrapper.application; includeInIndex = 0; path = Quiz.app; sourceTree = BUILT_PRODUCTS_DIR; };
		5DBB6F3B25108DD10081013F /* AppDelegate.swift */ = {isa = PBXFileReference; lastKnownFileType = sourcecode.swift; path = AppDelegate.swift; sourceTree = "<group>"; };
		5DBB6F3D25108DD10081013F /* SceneDelegate.swift */ = {isa = PBXFileReference; lastKnownFileType = sourcecode.swift; path = SceneDelegate.swift; sourceTree = "<group>"; };
		5DBB6F3F25108DD10081013F /* ViewController.swift */ = {isa = PBXFileReference; lastKnownFileType = sourcecode.swift; path = ViewController.swift; sourceTree = "<group>"; };
		5DBB6F4225108DD10081013F /* Base */ = {isa = PBXFileReference; lastKnownFileType = file.storyboard; name = Base; path = Base.lproj/Main.storyboard; sourceTree = "<group>"; };
		5DBB6F4425108DD60081013F /* Assets.xcassets */ = {isa = PBXFileReference; lastKnownFileType = folder.assetcatalog; path = Assets.xcassets; sourceTree = "<group>"; };
		5DBB6F4725108DD60081013F /* Base */ = {isa = PBXFileReference; lastKnownFileType = file.storyboard; name = Base; path = Base.lproj/LaunchScreen.storyboard; sourceTree = "<group>"; };
		5DBB6F4925108DD60081013F /* Info.plist */ = {isa = PBXFileReference; lastKnownFileType = text.plist.xml; path = Info.plist; sourceTree = "<group>"; };
		5DBB6F4E25108DD60081013F /* QuizTests.xctest */ = {isa = PBXFileReference; explicitFileType = wrapper.cfbundle; includeInIndex = 0; path = QuizTests.xctest; sourceTree = BUILT_PRODUCTS_DIR; };
		5DBB6F5225108DD60081013F /* QuizTests.swift */ = {isa = PBXFileReference; lastKnownFileType = sourcecode.swift; path = QuizTests.swift; sourceTree = "<group>"; };
		5DBB6F5425108DD60081013F /* Info.plist */ = {isa = PBXFileReference; lastKnownFileType = text.plist.xml; path = Info.plist; sourceTree = "<group>"; };
		5DBB6F5925108DD60081013F /* QuizUITests.xctest */ = {isa = PBXFileReference; explicitFileType = wrapper.cfbundle; includeInIndex = 0; path = QuizUITests.xctest; sourceTree = BUILT_PRODUCTS_DIR; };
		5DBB6F5D25108DD60081013F /* QuizUITests.swift */ = {isa = PBXFileReference; lastKnownFileType = sourcecode.swift; path = QuizUITests.swift; sourceTree = "<group>"; };
		5DBB6F5F25108DD60081013F /* Info.plist */ = {isa = PBXFileReference; lastKnownFileType = text.plist.xml; path = Info.plist; sourceTree = "<group>"; };
		5DBB6F6B25108E440081013F /* QuizViewController.swift */ = {isa = PBXFileReference; lastKnownFileType = sourcecode.swift; path = QuizViewController.swift; sourceTree = "<group>"; };
		5DBB6F6D25108E570081013F /* ResultViewController.swift */ = {isa = PBXFileReference; lastKnownFileType = sourcecode.swift; path = ResultViewController.swift; sourceTree = "<group>"; };
/* End PBXFileReference section */

/* Begin PBXFrameworksBuildPhase section */
		5DBB6F3525108DD10081013F /* Frameworks */ = {
			isa = PBXFrameworksBuildPhase;
			buildActionMask = 2147483647;
			files = (
			);
			runOnlyForDeploymentPostprocessing = 0;
		};
		5DBB6F4B25108DD60081013F /* Frameworks */ = {
			isa = PBXFrameworksBuildPhase;
			buildActionMask = 2147483647;
			files = (
			);
			runOnlyForDeploymentPostprocessing = 0;
		};
		5DBB6F5625108DD60081013F /* Frameworks */ = {
			isa = PBXFrameworksBuildPhase;
			buildActionMask = 2147483647;
			files = (
			);
			runOnlyForDeploymentPostprocessing = 0;
		};
/* End PBXFrameworksBuildPhase section */

/* Begin PBXGroup section */
		5DBB6F2F25108DD10081013F = {
			isa = PBXGroup;
			children = (
				5DBB6F3A25108DD10081013F /* Quiz */,
				5DBB6F5125108DD60081013F /* QuizTests */,
				5DBB6F5C25108DD60081013F /* QuizUITests */,
				5DBB6F3925108DD10081013F /* Products */,
			);
			sourceTree = "<group>";
		};
		5DBB6F3925108DD10081013F /* Products */ = {
			isa = PBXGroup;
			children = (
				5DBB6F3825108DD10081013F /* Quiz.app */,
				5DBB6F4E25108DD60081013F /* QuizTests.xctest */,
				5DBB6F5925108DD60081013F /* QuizUITests.xctest */,
			);
			name = Products;
			sourceTree = "<group>";
		};
		5DBB6F3A25108DD10081013F /* Quiz */ = {
			isa = PBXGroup;
			children = (
				5DBB6F3B25108DD10081013F /* AppDelegate.swift */,
				5DBB6F3D25108DD10081013F /* SceneDelegate.swift */,
				5DBB6F3F25108DD10081013F /* ViewController.swift */,
				5DBB6F4125108DD10081013F /* Main.storyboard */,
				5DBB6F4425108DD60081013F /* Assets.xcassets */,
				5DBB6F4625108DD60081013F /* LaunchScreen.storyboard */,
				5DBB6F4925108DD60081013F /* Info.plist */,
				5DBB6F6B25108E440081013F /* QuizViewController.swift */,
				5DBB6F6D25108E570081013F /* ResultViewController.swift */,
			);
			path = Quiz;
			sourceTree = "<group>";
		};
		5DBB6F5125108DD60081013F /* QuizTests */ = {
			isa = PBXGroup;
			children = (
				5DBB6F5225108DD60081013F /* QuizTests.swift */,
				5DBB6F5425108DD60081013F /* Info.plist */,
			);
			path = QuizTests;
			sourceTree = "<group>";
		};
		5DBB6F5C25108DD60081013F /* QuizUITests */ = {
			isa = PBXGroup;
			children = (
				5DBB6F5D25108DD60081013F /* QuizUITests.swift */,
				5DBB6F5F25108DD60081013F /* Info.plist */,
			);
			path = QuizUITests;
			sourceTree = "<group>";
		};
/* End PBXGroup section */

/* Begin PBXNativeTarget section */
		5DBB6F3725108DD10081013F /* Quiz */ = {
			isa = PBXNativeTarget;
			buildConfigurationList = 5DBB6F6225108DD60081013F /* Build configuration list for PBXNativeTarget "Quiz" */;
			buildPhases = (
				5DBB6F3425108DD10081013F /* Sources */,
				5DBB6F3525108DD10081013F /* Frameworks */,
				5DBB6F3625108DD10081013F /* Resources */,
			);
			buildRules = (
			);
			dependencies = (
			);
			name = Quiz;
			productName = Quiz;
			productReference = 5DBB6F3825108DD10081013F /* Quiz.app */;
			productType = "com.apple.product-type.application";
		};
		5DBB6F4D25108DD60081013F /* QuizTests */ = {
			isa = PBXNativeTarget;
			buildConfigurationList = 5DBB6F6525108DD60081013F /* Build configuration list for PBXNativeTarget "QuizTests" */;
			buildPhases = (
				5DBB6F4A25108DD60081013F /* Sources */,
				5DBB6F4B25108DD60081013F /* Frameworks */,
				5DBB6F4C25108DD60081013F /* Resources */,
			);
			buildRules = (
			);
			dependencies = (
				5DBB6F5025108DD60081013F /* PBXTargetDependency */,
			);
			name = QuizTests;
			productName = QuizTests;
			productReference = 5DBB6F4E25108DD60081013F /* QuizTests.xctest */;
			productType = "com.apple.product-type.bundle.unit-test";
		};
		5DBB6F5825108DD60081013F /* QuizUITests */ = {
			isa = PBXNativeTarget;
			buildConfigurationList = 5DBB6F6825108DD60081013F /* Build configuration list for PBXNativeTarget "QuizUITests" */;
			buildPhases = (
				5DBB6F5525108DD60081013F /* Sources */,
				5DBB6F5625108DD60081013F /* Frameworks */,
				5DBB6F5725108DD60081013F /* Resources */,
			);
			buildRules = (
			);
			dependencies = (
				5DBB6F5B25108DD60081013F /* PBXTargetDependency */,
			);
			name = QuizUITests;
			productName = QuizUITests;
			productReference = 5DBB6F5925108DD60081013F /* QuizUITests.xctest */;
			productType = "com.apple.product-type.bundle.ui-testing";
		};
/* End PBXNativeTarget section */

/* Begin PBXProject section */
		5DBB6F3025108DD10081013F /* Project object */ = {
			isa = PBXProject;
			attributes = {
				LastSwiftUpdateCheck = 1170;
				LastUpgradeCheck = 1170;
				ORGANIZATIONNAME = "Yamamoto Miu";
				TargetAttributes = {
					5DBB6F3725108DD10081013F = {
						CreatedOnToolsVersion = 11.7;
					};
					5DBB6F4D25108DD60081013F = {
						CreatedOnToolsVersion = 11.7;
						TestTargetID = 5DBB6F3725108DD10081013F;
					};
					5DBB6F5825108DD60081013F = {
						CreatedOnToolsVersion = 11.7;
						TestTargetID = 5DBB6F3725108DD10081013F;
					};
				};
			};
			buildConfigurationList = 5DBB6F3325108DD10081013F /* Build configuration list for PBXProject "Quiz" */;
			compatibilityVersion = "Xcode 9.3";
			developmentRegion = en;
			hasScannedForEncodings = 0;
			knownRegions = (
				en,
				Base,
			);
			mainGroup = 5DBB6F2F25108DD10081013F;
			productRefGroup = 5DBB6F3925108DD10081013F /* Products */;
			projectDirPath = "";
			projectRoot = "";
			targets = (
				5DBB6F3725108DD10081013F /* Quiz */,
				5DBB6F4D25108DD60081013F /* QuizTests */,
				5DBB6F5825108DD60081013F /* QuizUITests */,
			);
		};
/* End PBXProject section */

/* Begin PBXResourcesBuildPhase section */
		5DBB6F3625108DD10081013F /* Resources */ = {
			isa = PBXResourcesBuildPhase;
			buildActionMask = 2147483647;
			files = (
				5DBB6F4825108DD60081013F /* LaunchScreen.storyboard in Resources */,
				5DBB6F4525108DD60081013F /* Assets.xcassets in Resources */,
				5DBB6F4325108DD10081013F /* Main.storyboard in Resources */,
			);
			runOnlyForDeploymentPostprocessing = 0;
		};
		5DBB6F4C25108DD60081013F /* Resources */ = {
			isa = PBXResourcesBuildPhase;
			buildActionMask = 2147483647;
			files = (
			);
			runOnlyForDeploymentPostprocessing = 0;
		};
		5DBB6F5725108DD60081013F /* Resources */ = {
			isa = PBXResourcesBuildPhase;
			buildActionMask = 2147483647;
			files = (
			);
			runOnlyForDeploymentPostprocessing = 0;
		};
/* End PBXResourcesBuildPhase section */

/* Begin PBXSourcesBuildPhase section */
		5DBB6F3425108DD10081013F /* Sources */ = {
			isa = PBXSourcesBuildPhase;
			buildActionMask = 2147483647;
			files = (
				5DBB6F6E25108E570081013F /* ResultViewController.swift in Sources */,
				5DBB6F4025108DD10081013F /* ViewController.swift in Sources */,
				5DBB6F3C25108DD10081013F /* AppDelegate.swift in Sources */,
				5DBB6F3E25108DD10081013F /* SceneDelegate.swift in Sources */,
				5DBB6F6C25108E440081013F /* QuizViewController.swift in Sources */,
			);
			runOnlyForDeploymentPostprocessing = 0;
		};
		5DBB6F4A25108DD60081013F /* Sources */ = {
			isa = PBXSourcesBuildPhase;
			buildActionMask = 2147483647;
			files = (
				5DBB6F5325108DD60081013F /* QuizTests.swift in Sources */,
			);
			runOnlyForDeploymentPostprocessing = 0;
		};
		5DBB6F5525108DD60081013F /* Sources */ = {
			isa = PBXSourcesBuildPhase;
			buildActionMask = 2147483647;
			files = (
				5DBB6F5E25108DD60081013F /* QuizUITests.swift in Sources */,
			);
			runOnlyForDeploymentPostprocessing = 0;
		};
/* End PBXSourcesBuildPhase section */

/* Begin PBXTargetDependency section */
		5DBB6F5025108DD60081013F /* PBXTargetDependency */ = {
			isa = PBXTargetDependency;
			target = 5DBB6F3725108DD10081013F /* Quiz */;
			targetProxy = 5DBB6F4F25108DD60081013F /* PBXContainerItemProxy */;
		};
		5DBB6F5B25108DD60081013F /* PBXTargetDependency */ = {
			isa = PBXTargetDependency;
			target = 5DBB6F3725108DD10081013F /* Quiz */;
			targetProxy = 5DBB6F5A25108DD60081013F /* PBXContainerItemProxy */;
		};
/* End PBXTargetDependency section */

/* Begin PBXVariantGroup section */
		5DBB6F4125108DD10081013F /* Main.storyboard */ = {
			isa = PBXVariantGroup;
			children = (
				5DBB6F4225108DD10081013F /* Base */,
			);
			name = Main.storyboard;
			sourceTree = "<group>";
		};
		5DBB6F4625108DD60081013F /* LaunchScreen.storyboard */ = {
			isa = PBXVariantGroup;
			children = (
				5DBB6F4725108DD60081013F /* Base */,
			);
			name = LaunchScreen.storyboard;
			sourceTree = "<group>";
		};
/* End PBXVariantGroup section */

/* Begin XCBuildConfiguration section */
		5DBB6F6025108DD60081013F /* Debug */ = {
			isa = XCBuildConfiguration;
			buildSettings = {
				ALWAYS_SEARCH_USER_PATHS = NO;
				CLANG_ANALYZER_NONNULL = YES;
				CLANG_ANALYZER_NUMBER_OBJECT_CONVERSION = YES_AGGRESSIVE;
				CLANG_CXX_LANGUAGE_STANDARD = "gnu++14";
				CLANG_CXX_LIBRARY = "libc++";
				CLANG_ENABLE_MODULES = YES;
				CLANG_ENABLE_OBJC_ARC = YES;
				CLANG_ENABLE_OBJC_WEAK = YES;
				CLANG_WARN_BLOCK_CAPTURE_AUTORELEASING = YES;
				CLANG_WARN_BOOL_CONVERSION = YES;
				CLANG_WARN_COMMA = YES;
				CLANG_WARN_CONSTANT_CONVERSION = YES;
				CLANG_WARN_DEPRECATED_OBJC_IMPLEMENTATIONS = YES;
				CLANG_WARN_DIRECT_OBJC_ISA_USAGE = YES_ERROR;
				CLANG_WARN_DOCUMENTATION_COMMENTS = YES;
				CLANG_WARN_EMPTY_BODY = YES;
				CLANG_WARN_ENUM_CONVERSION = YES;
				CLANG_WARN_INFINITE_RECURSION = YES;
				CLANG_WARN_INT_CONVERSION = YES;
				CLANG_WARN_NON_LITERAL_NULL_CONVERSION = YES;
				CLANG_WARN_OBJC_IMPLICIT_RETAIN_SELF = YES;
				CLANG_WARN_OBJC_LITERAL_CONVERSION = YES;
				CLANG_WARN_OBJC_ROOT_CLASS = YES_ERROR;
				CLANG_WARN_RANGE_LOOP_ANALYSIS = YES;
				CLANG_WARN_STRICT_PROTOTYPES = YES;
				CLANG_WARN_SUSPICIOUS_MOVE = YES;
				CLANG_WARN_UNGUARDED_AVAILABILITY = YES_AGGRESSIVE;
				CLANG_WARN_UNREACHABLE_CODE = YES;
				CLANG_WARN__DUPLICATE_METHOD_MATCH = YES;
				COPY_PHASE_STRIP = NO;
				DEBUG_INFORMATION_FORMAT = dwarf;
				ENABLE_STRICT_OBJC_MSGSEND = YES;
				ENABLE_TESTABILITY = YES;
				GCC_C_LANGUAGE_STANDARD = gnu11;
				GCC_DYNAMIC_NO_PIC = NO;
				GCC_NO_COMMON_BLOCKS = YES;
				GCC_OPTIMIZATION_LEVEL = 0;
				GCC_PREPROCESSOR_DEFINITIONS = (
					"DEBUG=1",
					"$(inherited)",
				);
				GCC_WARN_64_TO_32_BIT_CONVERSION = YES;
				GCC_WARN_ABOUT_RETURN_TYPE = YES_ERROR;
				GCC_WARN_UNDECLARED_SELECTOR = YES;
				GCC_WARN_UNINITIALIZED_AUTOS = YES_AGGRESSIVE;
				GCC_WARN_UNUSED_FUNCTION = YES;
				GCC_WARN_UNUSED_VARIABLE = YES;
				IPHONEOS_DEPLOYMENT_TARGET = 13.7;
				MTL_ENABLE_DEBUG_INFO = INCLUDE_SOURCE;
				MTL_FAST_MATH = YES;
				ONLY_ACTIVE_ARCH = YES;
				SDKROOT = iphoneos;
				SWIFT_ACTIVE_COMPILATION_CONDITIONS = DEBUG;
				SWIFT_OPTIMIZATION_LEVEL = "-Onone";
			};
			name = Debug;
		};
		5DBB6F6125108DD60081013F /* Release */ = {
			isa = XCBuildConfiguration;
			buildSettings = {
				ALWAYS_SEARCH_USER_PATHS = NO;
				CLANG_ANALYZER_NONNULL = YES;
				CLANG_ANALYZER_NUMBER_OBJECT_CONVERSION = YES_AGGRESSIVE;
				CLANG_CXX_LANGUAGE_STANDARD = "gnu++14";
				CLANG_CXX_LIBRARY = "libc++";
				CLANG_ENABLE_MODULES = YES;
				CLANG_ENABLE_OBJC_ARC = YES;
				CLANG_ENABLE_OBJC_WEAK = YES;
				CLANG_WARN_BLOCK_CAPTURE_AUTORELEASING = YES;
				CLANG_WARN_BOOL_CONVERSION = YES;
				CLANG_WARN_COMMA = YES;
				CLANG_WARN_CONSTANT_CONVERSION = YES;
				CLANG_WARN_DEPRECATED_OBJC_IMPLEMENTATIONS = YES;
				CLANG_WARN_DIRECT_OBJC_ISA_USAGE = YES_ERROR;
				CLANG_WARN_DOCUMENTATION_COMMENTS = YES;
				CLANG_WARN_EMPTY_BODY = YES;
				CLANG_WARN_ENUM_CONVERSION = YES;
				CLANG_WARN_INFINITE_RECURSION = YES;
				CLANG_WARN_INT_CONVERSION = YES;
				CLANG_WARN_NON_LITERAL_NULL_CONVERSION = YES;
				CLANG_WARN_OBJC_IMPLICIT_RETAIN_SELF = YES;
				CLANG_WARN_OBJC_LITERAL_CONVERSION = YES;
				CLANG_WARN_OBJC_ROOT_CLASS = YES_ERROR;
				CLANG_WARN_RANGE_LOOP_ANALYSIS = YES;
				CLANG_WARN_STRICT_PROTOTYPES = YES;
				CLANG_WARN_SUSPICIOUS_MOVE = YES;
				CLANG_WARN_UNGUARDED_AVAILABILITY = YES_AGGRESSIVE;
				CLANG_WARN_UNREACHABLE_CODE = YES;
				CLANG_WARN__DUPLICATE_METHOD_MATCH = YES;
				COPY_PHASE_STRIP = NO;
				DEBUG_INFORMATION_FORMAT = "dwarf-with-dsym";
				ENABLE_NS_ASSERTIONS = NO;
				ENABLE_STRICT_OBJC_MSGSEND = YES;
				GCC_C_LANGUAGE_STANDARD = gnu11;
				GCC_NO_COMMON_BLOCKS = YES;
				GCC_WARN_64_TO_32_BIT_CONVERSION = YES;
				GCC_WARN_ABOUT_RETURN_TYPE = YES_ERROR;
				GCC_WARN_UNDECLARED_SELECTOR = YES;
				GCC_WARN_UNINITIALIZED_AUTOS = YES_AGGRESSIVE;
				GCC_WARN_UNUSED_FUNCTION = YES;
				GCC_WARN_UNUSED_VARIABLE = YES;
				IPHONEOS_DEPLOYMENT_TARGET = 13.7;
				MTL_ENABLE_DEBUG_INFO = NO;
				MTL_FAST_MATH = YES;
				SDKROOT = iphoneos;
				SWIFT_COMPILATION_MODE = wholemodule;
				SWIFT_OPTIMIZATION_LEVEL = "-O";
				VALIDATE_PRODUCT = YES;
			};
			name = Release;
		};
		5DBB6F6325108DD60081013F /* Debug */ = {
			isa = XCBuildConfiguration;
			buildSettings = {
				ASSETCATALOG_COMPILER_APPICON_NAME = AppIcon;
				CODE_SIGN_STYLE = Automatic;
				INFOPLIST_FILE = Quiz/Info.plist;
				LD_RUNPATH_SEARCH_PATHS = (
					"$(inherited)",
					"@executable_path/Frameworks",
				);
				PRODUCT_BUNDLE_IDENTIFIER = app.yamamoto.pochaco.Quiz;
				PRODUCT_NAME = "$(TARGET_NAME)";
				SWIFT_VERSION = 5.0;
				TARGETED_DEVICE_FAMILY = "1,2";
			};
			name = Debug;
		};
		5DBB6F6425108DD60081013F /* Release */ = {
			isa = XCBuildConfiguration;
			buildSettings = {
				ASSETCATALOG_COMPILER_APPICON_NAME = AppIcon;
				CODE_SIGN_STYLE = Automatic;
				INFOPLIST_FILE = Quiz/Info.plist;
				LD_RUNPATH_SEARCH_PATHS = (
					"$(inherited)",
					"@executable_path/Frameworks",
				);
				PRODUCT_BUNDLE_IDENTIFIER = app.yamamoto.pochaco.Quiz;
				PRODUCT_NAME = "$(TARGET_NAME)";
				SWIFT_VERSION = 5.0;
				TARGETED_DEVICE_FAMILY = "1,2";
			};
			name = Release;
		};
		5DBB6F6625108DD60081013F /* Debug */ = {
			isa = XCBuildConfiguration;
			buildSettings = {
				ALWAYS_EMBED_SWIFT_STANDARD_LIBRARIES = YES;
				BUNDLE_LOADER = "$(TEST_HOST)";
				CODE_SIGN_STYLE = Automatic;
				INFOPLIST_FILE = QuizTests/Info.plist;
				IPHONEOS_DEPLOYMENT_TARGET = 13.7;
				LD_RUNPATH_SEARCH_PATHS = (
					"$(inherited)",
					"@executable_path/Frameworks",
					"@loader_path/Frameworks",
				);
				PRODUCT_BUNDLE_IDENTIFIER = app.yamamoto.pochaco.QuizTests;
				PRODUCT_NAME = "$(TARGET_NAME)";
				SWIFT_VERSION = 5.0;
				TARGETED_DEVICE_FAMILY = "1,2";
				TEST_HOST = "$(BUILT_PRODUCTS_DIR)/Quiz.app/Quiz";
			};
			name = Debug;
		};
		5DBB6F6725108DD60081013F /* Release */ = {
			isa = XCBuildConfiguration;
			buildSettings = {
				ALWAYS_EMBED_SWIFT_STANDARD_LIBRARIES = YES;
				BUNDLE_LOADER = "$(TEST_HOST)";
				CODE_SIGN_STYLE = Automatic;
				INFOPLIST_FILE = QuizTests/Info.plist;
				IPHONEOS_DEPLOYMENT_TARGET = 13.7;
				LD_RUNPATH_SEARCH_PATHS = (
					"$(inherited)",
					"@executable_path/Frameworks",
					"@loader_path/Frameworks",
				);
				PRODUCT_BUNDLE_IDENTIFIER = app.yamamoto.pochaco.QuizTests;
				PRODUCT_NAME = "$(TARGET_NAME)";
				SWIFT_VERSION = 5.0;
				TARGETED_DEVICE_FAMILY = "1,2";
				TEST_HOST = "$(BUILT_PRODUCTS_DIR)/Quiz.app/Quiz";
			};
			name = Release;
		};
		5DBB6F6925108DD60081013F /* Debug */ = {
			isa = XCBuildConfiguration;
			buildSettings = {
				ALWAYS_EMBED_SWIFT_STANDARD_LIBRARIES = YES;
				CODE_SIGN_STYLE = Automatic;
				INFOPLIST_FILE = QuizUITests/Info.plist;
				LD_RUNPATH_SEARCH_PATHS = (
					"$(inherited)",
					"@executable_path/Frameworks",
					"@loader_path/Frameworks",
				);
				PRODUCT_BUNDLE_IDENTIFIER = app.yamamoto.pochaco.QuizUITests;
				PRODUCT_NAME = "$(TARGET_NAME)";
				SWIFT_VERSION = 5.0;
				TARGETED_DEVICE_FAMILY = "1,2";
				TEST_TARGET_NAME = Quiz;
			};
			name = Debug;
		};
		5DBB6F6A25108DD60081013F /* Release */ = {
			isa = XCBuildConfiguration;
			buildSettings = {
				ALWAYS_EMBED_SWIFT_STANDARD_LIBRARIES = YES;
				CODE_SIGN_STYLE = Automatic;
				INFOPLIST_FILE = QuizUITests/Info.plist;
				LD_RUNPATH_SEARCH_PATHS = (
					"$(inherited)",
					"@executable_path/Frameworks",
					"@loader_path/Frameworks",
				);
				PRODUCT_BUNDLE_IDENTIFIER = app.yamamoto.pochaco.QuizUITests;
				PRODUCT_NAME = "$(TARGET_NAME)";
				SWIFT_VERSION = 5.0;
				TARGETED_DEVICE_FAMILY = "1,2";
				TEST_TARGET_NAME = Quiz;
			};
			name = Release;
		};
/* End XCBuildConfiguration section */

/* Begin XCConfigurationList section */
		5DBB6F3325108DD10081013F /* Build configuration list for PBXProject "Quiz" */ = {
			isa = XCConfigurationList;
			buildConfigurations = (
				5DBB6F6025108DD60081013F /* Debug */,
				5DBB6F6125108DD60081013F /* Release */,
			);
			defaultConfigurationIsVisible = 0;
			defaultConfigurationName = Release;
		};
		5DBB6F6225108DD60081013F /* Build configuration list for PBXNativeTarget "Quiz" */ = {
			isa = XCConfigurationList;
			buildConfigurations = (
				5DBB6F6325108DD60081013F /* Debug */,
				5DBB6F6425108DD60081013F /* Release */,
			);
			defaultConfigurationIsVisible = 0;
			defaultConfigurationName = Release;
		};
		5DBB6F6525108DD60081013F /* Build configuration list for PBXNativeTarget "QuizTests" */ = {
			isa = XCConfigurationList;
			buildConfigurations = (
				5DBB6F6625108DD60081013F /* Debug */,
				5DBB6F6725108DD60081013F /* Release */,
			);
			defaultConfigurationIsVisible = 0;
			defaultConfigurationName = Release;
		};
		5DBB6F6825108DD60081013F /* Build configuration list for PBXNativeTarget "QuizUITests" */ = {
			isa = XCConfigurationList;
			buildConfigurations = (
				5DBB6F6925108DD60081013F /* Debug */,
				5DBB6F6A25108DD60081013F /* Release */,
			);
			defaultConfigurationIsVisible = 0;
			defaultConfigurationName = Release;
		};
/* End XCConfigurationList section */
	};
	rootObject = 5DBB6F3025108DD10081013F /* Project object */;
}
